
Microsoft Visual Studio Solution File, Format Version 12.00
# Visual Studio Version 17
VisualStudioVersion = 17.5.33516.290
MinimumVisualStudioVersion = 10.0.40219.1
Project("{2150E333-8FDC-42A3-9474-1A3956D46DE8}") = "src", "src", "{827E0CD3-B72D-47B6-A68D-7590B98EB39B}"
EndProject
Project("{F2A71F9B-5D33-465A-A702-920D77279786}") = "RobLang.Ast", "src\RobLang.Ast\RobLang.Ast.fsproj", "{6F7653E6-662E-4942-8E51-FE13B3C90292}"
EndProject
Project("{F2A71F9B-5D33-465A-A702-920D77279786}") = "RobLang.Parser", "src\RobLang.Parser\RobLang.Parser.fsproj", "{11E02F0F-BF0C-45C1-A806-2C1E3F1A9D86}"
EndProject
Project("{F2A71F9B-5D33-465A-A702-920D77279786}") = "RobLang.Runtime", "src\RobLang.Runtime\RobLang.Runtime.fsproj", "{E2C79062-D25F-457D-89BE-00A8FEFF6918}"
EndProject
Project("{F2A71F9B-5D33-465A-A702-920D77279786}") = "RobLang.Cli", "src\RobLang.Cli\RobLang.Cli.fsproj", "{16CD4795-F2D1-4A89-9BE8-D0EE282AC9DC}"
EndProject
Project("{F2A71F9B-5D33-465A-A702-920D77279786}") = "RobLang.Tests", "src\RobLang.Tests\RobLang.Tests.fsproj", "{970E992F-19EE-4A28-8F42-25282C8D2F36}"
EndProject
Project("{F2A71F9B-5D33-465A-A702-920D77279786}") = "RobLang.Interpreter", "src\RobLang.Interpreter\RobLang.Interpreter.fsproj", "{BC15B9B2-AC54-4776-9D7F-5DC4DA3FE847}"
EndProject
Global
	GlobalSection(SolutionConfigurationPlatforms) = preSolution
		Debug|Any CPU = Debug|Any CPU
		Debug|x64 = Debug|x64
		Debug|x86 = Debug|x86
		Release|Any CPU = Release|Any CPU
		Release|x64 = Release|x64
		Release|x86 = Release|x86
	EndGlobalSection
	GlobalSection(ProjectConfigurationPlatforms) = postSolution
		{6F7653E6-662E-4942-8E51-FE13B3C90292}.Debug|Any CPU.ActiveCfg = Debug|Any CPU
		{6F7653E6-662E-4942-8E51-FE13B3C90292}.Debug|Any CPU.Build.0 = Debug|Any CPU
		{6F7653E6-662E-4942-8E51-FE13B3C90292}.Debug|x64.ActiveCfg = Debug|Any CPU
		{6F7653E6-662E-4942-8E51-FE13B3C90292}.Debug|x64.Build.0 = Debug|Any CPU
		{6F7653E6-662E-4942-8E51-FE13B3C90292}.Debug|x86.ActiveCfg = Debug|Any CPU
		{6F7653E6-662E-4942-8E51-FE13B3C90292}.Debug|x86.Build.0 = Debug|Any CPU
		{6F7653E6-662E-4942-8E51-FE13B3C90292}.Release|Any CPU.ActiveCfg = Release|Any CPU
		{6F7653E6-662E-4942-8E51-FE13B3C90292}.Release|Any CPU.Build.0 = Release|Any CPU
		{6F7653E6-662E-4942-8E51-FE13B3C90292}.Release|x64.ActiveCfg = Release|Any CPU
		{6F7653E6-662E-4942-8E51-FE13B3C90292}.Release|x64.Build.0 = Release|Any CPU
		{6F7653E6-662E-4942-8E51-FE13B3C90292}.Release|x86.ActiveCfg = Release|Any CPU
		{6F7653E6-662E-4942-8E51-FE13B3C90292}.Release|x86.Build.0 = Release|Any CPU
		{11E02F0F-BF0C-45C1-A806-2C1E3F1A9D86}.Debug|Any CPU.ActiveCfg = Debug|Any CPU
		{11E02F0F-BF0C-45C1-A806-2C1E3F1A9D86}.Debug|Any CPU.Build.0 = Debug|Any CPU
		{11E02F0F-BF0C-45C1-A806-2C1E3F1A9D86}.Debug|x64.ActiveCfg = Debug|Any CPU
		{11E02F0F-BF0C-45C1-A806-2C1E3F1A9D86}.Debug|x64.Build.0 = Debug|Any CPU
		{11E02F0F-BF0C-45C1-A806-2C1E3F1A9D86}.Debug|x86.ActiveCfg = Debug|Any CPU
		{11E02F0F-BF0C-45C1-A806-2C1E3F1A9D86}.Debug|x86.Build.0 = Debug|Any CPU
		{11E02F0F-BF0C-45C1-A806-2C1E3F1A9D86}.Release|Any CPU.ActiveCfg = Release|Any CPU
		{11E02F0F-BF0C-45C1-A806-2C1E3F1A9D86}.Release|Any CPU.Build.0 = Release|Any CPU
		{11E02F0F-BF0C-45C1-A806-2C1E3F1A9D86}.Release|x64.ActiveCfg = Release|Any CPU
		{11E02F0F-BF0C-45C1-A806-2C1E3F1A9D86}.Release|x64.Build.0 = Release|Any CPU
		{11E02F0F-BF0C-45C1-A806-2C1E3F1A9D86}.Release|x86.ActiveCfg = Release|Any CPU
		{11E02F0F-BF0C-45C1-A806-2C1E3F1A9D86}.Release|x86.Build.0 = Release|Any CPU
		{E2C79062-D25F-457D-89BE-00A8FEFF6918}.Debug|Any CPU.ActiveCfg = Debug|Any CPU
		{E2C79062-D25F-457D-89BE-00A8FEFF6918}.Debug|Any CPU.Build.0 = Debug|Any CPU
		{E2C79062-D25F-457D-89BE-00A8FEFF6918}.Debug|x64.ActiveCfg = Debug|Any CPU
		{E2C79062-D25F-457D-89BE-00A8FEFF6918}.Debug|x64.Build.0 = Debug|Any CPU
		{E2C79062-D25F-457D-89BE-00A8FEFF6918}.Debug|x86.ActiveCfg = Debug|Any CPU
		{E2C79062-D25F-457D-89BE-00A8FEFF6918}.Debug|x86.Build.0 = Debug|Any CPU
		{E2C79062-D25F-457D-89BE-00A8FEFF6918}.Release|Any CPU.ActiveCfg = Release|Any CPU
		{E2C79062-D25F-457D-89BE-00A8FEFF6918}.Release|Any CPU.Build.0 = Release|Any CPU
		{E2C79062-D25F-457D-89BE-00A8FEFF6918}.Release|x64.ActiveCfg = Release|Any CPU
		{E2C79062-D25F-457D-89BE-00A8FEFF6918}.Release|x64.Build.0 = Release|Any CPU
		{E2C79062-D25F-457D-89BE-00A8FEFF6918}.Release|x86.ActiveCfg = Release|Any CPU
		{E2C79062-D25F-457D-89BE-00A8FEFF6918}.Release|x86.Build.0 = Release|Any CPU
		{16CD4795-F2D1-4A89-9BE8-D0EE282AC9DC}.Debug|Any CPU.ActiveCfg = Debug|Any CPU
		{16CD4795-F2D1-4A89-9BE8-D0EE282AC9DC}.Debug|Any CPU.Build.0 = Debug|Any CPU
		{16CD4795-F2D1-4A89-9BE8-D0EE282AC9DC}.Debug|x64.ActiveCfg = Debug|Any CPU
		{16CD4795-F2D1-4A89-9BE8-D0EE282AC9DC}.Debug|x64.Build.0 = Debug|Any CPU
		{16CD4795-F2D1-4A89-9BE8-D0EE282AC9DC}.Debug|x86.ActiveCfg = Debug|Any CPU
		{16CD4795-F2D1-4A89-9BE8-D0EE282AC9DC}.Debug|x86.Build.0 = Debug|Any CPU
		{16CD4795-F2D1-4A89-9BE8-D0EE282AC9DC}.Release|Any CPU.ActiveCfg = Release|Any CPU
		{16CD4795-F2D1-4A89-9BE8-D0EE282AC9DC}.Release|Any CPU.Build.0 = Release|Any CPU
		{16CD4795-F2D1-4A89-9BE8-D0EE282AC9DC}.Release|x64.ActiveCfg = Release|Any CPU
		{16CD4795-F2D1-4A89-9BE8-D0EE282AC9DC}.Release|x64.Build.0 = Release|Any CPU
		{16CD4795-F2D1-4A89-9BE8-D0EE282AC9DC}.Release|x86.ActiveCfg = Release|Any CPU
		{16CD4795-F2D1-4A89-9BE8-D0EE282AC9DC}.Release|x86.Build.0 = Release|Any CPU
		{970E992F-19EE-4A28-8F42-25282C8D2F36}.Debug|Any CPU.ActiveCfg = Debug|Any CPU
		{970E992F-19EE-4A28-8F42-25282C8D2F36}.Debug|Any CPU.Build.0 = Debug|Any CPU
		{970E992F-19EE-4A28-8F42-25282C8D2F36}.Debug|x64.ActiveCfg = Debug|Any CPU
		{970E992F-19EE-4A28-8F42-25282C8D2F36}.Debug|x64.Build.0 = Debug|Any CPU
		{970E992F-19EE-4A28-8F42-25282C8D2F36}.Debug|x86.ActiveCfg = Debug|Any CPU
		{970E992F-19EE-4A28-8F42-25282C8D2F36}.Debug|x86.Build.0 = Debug|Any CPU
		{970E992F-19EE-4A28-8F42-25282C8D2F36}.Release|Any CPU.ActiveCfg = Release|Any CPU
		{970E992F-19EE-4A28-8F42-25282C8D2F36}.Release|Any CPU.Build.0 = Release|Any CPU
		{970E992F-19EE-4A28-8F42-25282C8D2F36}.Release|x64.ActiveCfg = Release|Any CPU
		{970E992F-19EE-4A28-8F42-25282C8D2F36}.Release|x64.Build.0 = Release|Any CPU
		{970E992F-19EE-4A28-8F42-25282C8D2F36}.Release|x86.ActiveCfg = Release|Any CPU
		{970E992F-19EE-4A28-8F42-25282C8D2F36}.Release|x86.Build.0 = Release|Any CPU
		{BC15B9B2-AC54-4776-9D7F-5DC4DA3FE847}.Debug|Any CPU.ActiveCfg = Debug|Any CPU
		{BC15B9B2-AC54-4776-9D7F-5DC4DA3FE847}.Debug|Any CPU.Build.0 = Debug|Any CPU
		{BC15B9B2-AC54-4776-9D7F-5DC4DA3FE847}.Debug|x64.ActiveCfg = Debug|Any CPU
		{BC15B9B2-AC54-4776-9D7F-5DC4DA3FE847}.Debug|x64.Build.0 = Debug|Any CPU
		{BC15B9B2-AC54-4776-9D7F-5DC4DA3FE847}.Debug|x86.ActiveCfg = Debug|Any CPU
		{BC15B9B2-AC54-4776-9D7F-5DC4DA3FE847}.Debug|x86.Build.0 = Debug|Any CPU
		{BC15B9B2-AC54-4776-9D7F-5DC4DA3FE847}.Release|Any CPU.ActiveCfg = Release|Any CPU
		{BC15B9B2-AC54-4776-9D7F-5DC4DA3FE847}.Release|Any CPU.Build.0 = Release|Any CPU
		{BC15B9B2-AC54-4776-9D7F-5DC4DA3FE847}.Release|x64.ActiveCfg = Release|Any CPU
		{BC15B9B2-AC54-4776-9D7F-5DC4DA3FE847}.Release|x64.Build.0 = Release|Any CPU
		{BC15B9B2-AC54-4776-9D7F-5DC4DA3FE847}.Release|x86.ActiveCfg = Release|Any CPU
		{BC15B9B2-AC54-4776-9D7F-5DC4DA3FE847}.Release|x86.Build.0 = Release|Any CPU
	EndGlobalSection
	GlobalSection(SolutionProperties) = preSolution
		HideSolutionNode = FALSE
	EndGlobalSection
	GlobalSection(NestedProjects) = preSolution
		{6F7653E6-662E-4942-8E51-FE13B3C90292} = {827E0CD3-B72D-47B6-A68D-7590B98EB39B}
		{11E02F0F-BF0C-45C1-A806-2C1E3F1A9D86} = {827E0CD3-B72D-47B6-A68D-7590B98EB39B}
		{E2C79062-D25F-457D-89BE-00A8FEFF6918} = {827E0CD3-B72D-47B6-A68D-7590B98EB39B}
		{16CD4795-F2D1-4A89-9BE8-D0EE282AC9DC} = {827E0CD3-B72D-47B6-A68D-7590B98EB39B}
		{970E992F-19EE-4A28-8F42-25282C8D2F36} = {827E0CD3-B72D-47B6-A68D-7590B98EB39B}
		{BC15B9B2-AC54-4776-9D7F-5DC4DA3FE847} = {827E0CD3-B72D-47B6-A68D-7590B98EB39B}
	EndGlobalSection
EndGlobal
